
Microsoft Visual Studio Solution File, Format Version 12.00
# Visual Studio Version 17
VisualStudioVersion = 17.4.33103.184
MinimumVisualStudioVersion = 10.0.40219.1
Project("{FAE04EC0-301F-11D3-BF4B-00C04F79EFBC}") = "LA 1300", "LA 1300.csproj", "{A0E7ABB6-4F17-4D81-8CE3-97340BAC5210}"
EndProject
Global
	GlobalSection(SolutionConfigurationPlatforms) = preSolution
		Debug|Any CPU = Debug|Any CPU
		Release|Any CPU = Release|Any CPU
	EndGlobalSection
	GlobalSection(ProjectConfigurationPlatforms) = postSolution
		{A0E7ABB6-4F17-4D81-8CE3-97340BAC5210}.Debug|Any CPU.ActiveCfg = Debug|Any CPU
		{A0E7ABB6-4F17-4D81-8CE3-97340BAC5210}.Debug|Any CPU.Build.0 = Debug|Any CPU
		{A0E7ABB6-4F17-4D81-8CE3-97340BAC5210}.Release|Any CPU.ActiveCfg = Release|Any CPU
		{A0E7ABB6-4F17-4D81-8CE3-97340BAC5210}.Release|Any CPU.Build.0 = Release|Any CPU
	EndGlobalSection
	GlobalSection(SolutionProperties) = preSolution
		HideSolutionNode = FALSE
	EndGlobalSection
	GlobalSection(ExtensibilityGlobals) = postSolution
		SolutionGuid = {A50AC9EA-A63B-4B52-BCA3-4ECC67CAC42B}
	EndGlobalSection
EndGlobal
